GEM
  remote: https://rubygems.org/
  specs:
    commonmarker (0.23.12)
    date (3.5.1)
    erb (6.0.1)
    github-markup (5.0.1)
    psych (5.3.1)
      date
      stringio
    rake (13.2.1)
    rdoc (7.0.3)
      erb
      psych (>= 4.0.0)
      tsort
    stringio (3.2.0)
    tsort (0.2.0)
    webrick (1.9.2)

PLATFORMS
  aarch64-linux
  x86_64-linux

DEPENDENCIES
  commonmarker (~> 0.23.0)
  github-markup (~> 5.0)
  rake (~> 13.0)
  rdoc (~> 7.0)
  webrick (~> 1.9)

CHECKSUMS
  commonmarker (0.23.12) sha256=da2d2f89c7c7b51c42c6e69ace3ab5df39497683f86e83aca7087c671d523ccd
  date (3.5.1) sha256=750d06384d7b9c15d562c76291407d89e368dda4d4fff957eb94962d325a0dc0
  erb (6.0.1) sha256=28ecdd99c5472aebd5674d6061e3c6b0a45c049578b071e5a52c2a7f13c197e5
  github-markup (5.0.1) sha256=b6e9f8538cb8566935321433190615cbc747550e1705a7af5ba24048d0ddc472
  psych (5.3.1) sha256=eb7a57cef10c9d70173ff74e739d843ac3b2c019a003de48447b2963d81b1974
  rake (13.2.1) sha256=46cb38dae65d7d74b6020a4ac9d48afed8eb8149c040eccf0523bec91907059d
  rdoc (7.0.3) sha256=dfe3d0981d19b7bba71d9dbaeb57c9f4e3a7a4103162148a559c4fc687ea81f9
  stringio (3.2.0) sha256=c37cb2e58b4ffbd33fe5cd948c05934af997b36e0b6ca6fdf43afa234cf222e1
  tsort (0.2.0) sha256=9650a793f6859a43b6641671278f79cfead60ac714148aabe4e3f0060480089f
  webrick (1.9.2) sha256=beb4a15fc474defed24a3bda4ffd88a490d517c9e4e6118c3edce59e45864131

BUNDLED WITH
  4.0.1
